Microsoft Visual Studio Solution File, Format Version 12.00
# Visual Studio Version 17
VisualStudioVersion = 17.5.2.0
MinimumVisualStudioVersion = 10.0.40219.1
Project("{FAE04EC0-301F-11D3-BF4B-00C04F79EFBC}") = "TDE06_01-04-2026", "TDE06_01-04-2026.csproj", "{DC7E7DC0-D22F-5EB1-8D8E-3EC6B02E9800}"
EndProject
Global
	GlobalSection(SolutionConfigurationPlatforms) = preSolution
		Debug|Any CPU = Debug|Any CPU
		Release|Any CPU = Release|Any CPU
	EndGlobalSection
	GlobalSection(ProjectConfigurationPlatforms) = postSolution
		{DC7E7DC0-D22F-5EB1-8D8E-3EC6B02E9800}.Debug|Any CPU.ActiveCfg = Debug|Any CPU
		{DC7E7DC0-D22F-5EB1-8D8E-3EC6B02E9800}.Debug|Any CPU.Build.0 = Debug|Any CPU
		{DC7E7DC0-D22F-5EB1-8D8E-3EC6B02E9800}.Release|Any CPU.ActiveCfg = Release|Any CPU
		{DC7E7DC0-D22F-5EB1-8D8E-3EC6B02E9800}.Release|Any CPU.Build.0 = Release|Any CPU
	EndGlobalSection
	GlobalSection(SolutionProperties) = preSolution
		HideSolutionNode = FALSE
	EndGlobalSection
	GlobalSection(ExtensibilityGlobals) = postSolution
		SolutionGuid = {1ADEFEE3-D320-4D9B-BE4C-10580FC0C749}
	EndGlobalSection
EndGlobal
