Microsoft Visual Studio Solution File, Format Version 12.00
# Visual Studio Version 17
VisualStudioVersion = 17.5.2.0
MinimumVisualStudioVersion = 10.0.40219.1
Project("{FAE04EC0-301F-11D3-BF4B-00C04F79EFBC}") = "TDE04 11-03-2026", "TDE04 11-03-2026.csproj", "{B704508F-9659-3933-98B2-330BE7ABCBA2}"
EndProject
Global
	GlobalSection(SolutionConfigurationPlatforms) = preSolution
		Debug|Any CPU = Debug|Any CPU
		Release|Any CPU = Release|Any CPU
	EndGlobalSection
	GlobalSection(ProjectConfigurationPlatforms) = postSolution
		{B704508F-9659-3933-98B2-330BE7ABCBA2}.Debug|Any CPU.ActiveCfg = Debug|Any CPU
		{B704508F-9659-3933-98B2-330BE7ABCBA2}.Debug|Any CPU.Build.0 = Debug|Any CPU
		{B704508F-9659-3933-98B2-330BE7ABCBA2}.Release|Any CPU.ActiveCfg = Release|Any CPU
		{B704508F-9659-3933-98B2-330BE7ABCBA2}.Release|Any CPU.Build.0 = Release|Any CPU
	EndGlobalSection
	GlobalSection(SolutionProperties) = preSolution
		HideSolutionNode = FALSE
	EndGlobalSection
	GlobalSection(ExtensibilityGlobals) = postSolution
		SolutionGuid = {E1141F3A-DBE2-4170-872E-2E9C770C5298}
	EndGlobalSection
EndGlobal
